
Microsoft Visual Studio Solution File, Format Version 12.00
# Visual Studio Version 17
VisualStudioVersion = 17.11.35303.130
MinimumVisualStudioVersion = 10.0.40219.1
Project("{FAE04EC0-301F-11D3-BF4B-00C04F79EFBC}") = "Paiement", "Paiement\Paiement.csproj", "{D930101A-AA3F-44EE-8AA7-8A788E81C27D}"
EndProject
Global
	GlobalSection(SolutionConfigurationPlatforms) = preSolution
		Debug|Any CPU = Debug|Any CPU
		Release|Any CPU = Release|Any CPU
	EndGlobalSection
	GlobalSection(ProjectConfigurationPlatforms) = postSolution
		{D930101A-AA3F-44EE-8AA7-8A788E81C27D}.Debug|Any CPU.ActiveCfg = Debug|Any CPU
		{D930101A-AA3F-44EE-8AA7-8A788E81C27D}.Debug|Any CPU.Build.0 = Debug|Any CPU
		{D930101A-AA3F-44EE-8AA7-8A788E81C27D}.Release|Any CPU.ActiveCfg = Release|Any CPU
		{D930101A-AA3F-44EE-8AA7-8A788E81C27D}.Release|Any CPU.Build.0 = Release|Any CPU
	EndGlobalSection
	GlobalSection(SolutionProperties) = preSolution
		HideSolutionNode = FALSE
	EndGlobalSection
	GlobalSection(ExtensibilityGlobals) = postSolution
		SolutionGuid = {670AAC1F-270F-4C0A-A032-701B4C08BD49}
	EndGlobalSection
EndGlobal
